
Microsoft Visual Studio Solution File, Format Version 12.00
# Visual Studio 2012
Project("{FAE04EC0-301F-11D3-BF4B-00C04F79EFBC}") = "ButtonClick", "ButtonClick\ButtonClick.csproj", "{3EFF4EC4-3BF5-432E-B78B-A70F33F5A512}"
EndProject
Project("{FAE04EC0-301F-11D3-BF4B-00C04F79EFBC}") = "ButtonClick.iOS", "iOS\ButtonClick.iOS.csproj", "{5BD92A25-2385-4CA4-9180-1E9DDD983199}"
EndProject
Project("{FAE04EC0-301F-11D3-BF4B-00C04F79EFBC}") = "ButtonClick.Droid", "Droid\ButtonClick.Droid.csproj", "{0E1DE327-EEF1-46B9-9BE8-CDDC508436E1}"
EndProject
Global
	GlobalSection(SolutionConfigurationPlatforms) = preSolution
		Debug|Any CPU = Debug|Any CPU
		Release|Any CPU = Release|Any CPU
		Debug|iPhoneSimulator = Debug|iPhoneSimulator
		Release|iPhone = Release|iPhone
		Release|iPhoneSimulator = Release|iPhoneSimulator
		Debug|iPhone = Debug|iPhone
	EndGlobalSection
	GlobalSection(ProjectConfigurationPlatforms) = postSolution
		{3EFF4EC4-3BF5-432E-B78B-A70F33F5A512}.Debug|Any CPU.ActiveCfg = Debug|Any CPU
		{3EFF4EC4-3BF5-432E-B78B-A70F33F5A512}.Debug|Any CPU.Build.0 = Debug|Any CPU
		{3EFF4EC4-3BF5-432E-B78B-A70F33F5A512}.Release|Any CPU.ActiveCfg = Release|Any CPU
		{3EFF4EC4-3BF5-432E-B78B-A70F33F5A512}.Release|Any CPU.Build.0 = Release|Any CPU
		{3EFF4EC4-3BF5-432E-B78B-A70F33F5A512}.Debug|iPhoneSimulator.ActiveCfg = Debug|Any CPU
		{3EFF4EC4-3BF5-432E-B78B-A70F33F5A512}.Debug|iPhoneSimulator.Build.0 = Debug|Any CPU
		{3EFF4EC4-3BF5-432E-B78B-A70F33F5A512}.Release|iPhone.ActiveCfg = Release|Any CPU
		{3EFF4EC4-3BF5-432E-B78B-A70F33F5A512}.Release|iPhone.Build.0 = Release|Any CPU
		{3EFF4EC4-3BF5-432E-B78B-A70F33F5A512}.Release|iPhoneSimulator.ActiveCfg = Release|Any CPU
		{3EFF4EC4-3BF5-432E-B78B-A70F33F5A512}.Release|iPhoneSimulator.Build.0 = Release|Any CPU
		{3EFF4EC4-3BF5-432E-B78B-A70F33F5A512}.Debug|iPhone.ActiveCfg = Debug|Any CPU
		{3EFF4EC4-3BF5-432E-B78B-A70F33F5A512}.Debug|iPhone.Build.0 = Debug|Any CPU
		{5BD92A25-2385-4CA4-9180-1E9DDD983199}.Debug|Any CPU.ActiveCfg = Debug|iPhoneSimulator
		{5BD92A25-2385-4CA4-9180-1E9DDD983199}.Debug|Any CPU.Build.0 = Debug|iPhoneSimulator
		{5BD92A25-2385-4CA4-9180-1E9DDD983199}.Release|Any CPU.ActiveCfg = Release|iPhone
		{5BD92A25-2385-4CA4-9180-1E9DDD983199}.Release|Any CPU.Build.0 = Release|iPhone
		{5BD92A25-2385-4CA4-9180-1E9DDD983199}.Debug|iPhoneSimulator.ActiveCfg = Debug|iPhoneSimulator
		{5BD92A25-2385-4CA4-9180-1E9DDD983199}.Debug|iPhoneSimulator.Build.0 = Debug|iPhoneSimulator
		{5BD92A25-2385-4CA4-9180-1E9DDD983199}.Release|iPhone.ActiveCfg = Release|iPhone
		{5BD92A25-2385-4CA4-9180-1E9DDD983199}.Release|iPhone.Build.0 = Release|iPhone
		{5BD92A25-2385-4CA4-9180-1E9DDD983199}.Release|iPhoneSimulator.ActiveCfg = Release|iPhoneSimulator
		{5BD92A25-2385-4CA4-9180-1E9DDD983199}.Release|iPhoneSimulator.Build.0 = Release|iPhoneSimulator
		{5BD92A25-2385-4CA4-9180-1E9DDD983199}.Debug|iPhone.ActiveCfg = Debug|iPhone
		{5BD92A25-2385-4CA4-9180-1E9DDD983199}.Debug|iPhone.Build.0 = Debug|iPhone
		{0E1DE327-EEF1-46B9-9BE8-CDDC508436E1}.Debug|Any CPU.ActiveCfg = Debug|Any CPU
		{0E1DE327-EEF1-46B9-9BE8-CDDC508436E1}.Debug|Any CPU.Build.0 = Debug|Any CPU
		{0E1DE327-EEF1-46B9-9BE8-CDDC508436E1}.Release|Any CPU.ActiveCfg = Release|Any CPU
		{0E1DE327-EEF1-46B9-9BE8-CDDC508436E1}.Release|Any CPU.Build.0 = Release|Any CPU
		{0E1DE327-EEF1-46B9-9BE8-CDDC508436E1}.Debug|iPhoneSimulator.ActiveCfg = Debug|Any CPU
		{0E1DE327-EEF1-46B9-9BE8-CDDC508436E1}.Debug|iPhoneSimulator.Build.0 = Debug|Any CPU
		{0E1DE327-EEF1-46B9-9BE8-CDDC508436E1}.Release|iPhone.ActiveCfg = Release|Any CPU
		{0E1DE327-EEF1-46B9-9BE8-CDDC508436E1}.Release|iPhone.Build.0 = Release|Any CPU
		{0E1DE327-EEF1-46B9-9BE8-CDDC508436E1}.Release|iPhoneSimulator.ActiveCfg = Release|Any CPU
		{0E1DE327-EEF1-46B9-9BE8-CDDC508436E1}.Release|iPhoneSimulator.Build.0 = Release|Any CPU
		{0E1DE327-EEF1-46B9-9BE8-CDDC508436E1}.Debug|iPhone.ActiveCfg = Debug|Any CPU
		{0E1DE327-EEF1-46B9-9BE8-CDDC508436E1}.Debug|iPhone.Build.0 = Debug|Any CPU
	EndGlobalSection
EndGlobal
